{
  "name": "@kgierke/formkit-inputs",
  "version": "0.0.1",
  "lockfileVersion": 2,
  "requires": true,
  "packages": {
    "": {
      "name": "@kgierke/formkit-inputs",
      "version": "0.0.1",
      "license": "MIT",
      "dependencies": {
        "@formkit/core": "1.0.0-beta.5",
        "@formkit/inputs": "1.0.0-beta.5",
        "nanoid": "^3.3.1"
      },
      "devDependencies": {
        "typescript": "^4.6.2"
      }
    },
    "node_modules/@formkit/core": {
      "version": "1.0.0-beta.5",
      "resolved": "https://registry.npmjs.org/@formkit/core/-/core-1.0.0-beta.5.tgz",
      "integrity": "sha512-+Tkhss5CJaqw5B3dNENFiXfIi2tlZkjYTE7DuLdCB9nMjwBBLfOw6hTvWCvxh7+YRg+ZBDBPAX/ibj854r3peQ==",
      "dependencies": {
        "@formkit/utils": "1.0.0-beta.5"
      }
    },
    "node_modules/@formkit/inputs": {
      "version": "1.0.0-beta.5",
      "resolved": "https://registry.npmjs.org/@formkit/inputs/-/inputs-1.0.0-beta.5.tgz",
      "integrity": "sha512-EKbaQegCgqFRUYCo0VgqowDM7Fc+x2Ay6QGQAMzYawEIhtJxRi6WcAGGH4/Mf+EYxpIfelkc0aLBRnAYOL5fCA==",
      "dependencies": {
        "@formkit/core": "1.0.0-beta.5"
      }
    },
    "node_modules/@formkit/utils": {
      "version": "1.0.0-beta.5",
      "resolved": "https://registry.npmjs.org/@formkit/utils/-/utils-1.0.0-beta.5.tgz",
      "integrity": "sha512-w+hx5wO59yFaarLLaN7RtzcnRzBC/6k8fnVGEnNm6QT6n5LhQpQymywRENca7pYP3/b+yXXXDD0/2GlSU0Vdaw=="
    },
    "node_modules/nanoid": {
      "version": "3.3.1",
      "resolved": "https://registry.npmjs.org/nanoid/-/nanoid-3.3.1.tgz",
      "integrity": "sha512-n6Vs/3KGyxPQd6uO0eH4Bv0ojGSUvuLlIHtC3Y0kEO23YRge8H9x1GCzLn28YX0H66pMkxuaeESFq4tKISKwdw==",
      "bin": {
        "nanoid": "bin/nanoid.cjs"
      },
      "engines": {
        "node": "^10 || ^12 || ^13.7 || ^14 || >=15.0.1"
      }
    },
    "node_modules/typescript": {
      "version": "4.6.2",
      "resolved": "https://registry.npmjs.org/typescript/-/typescript-4.6.2.tgz",
      "integrity": "sha512-HM/hFigTBHZhLXshn9sN37H085+hQGeJHJ/X7LpBWLID/fbc2acUMfU+lGD98X81sKP+pFa9f0DZmCwB9GnbAg==",
      "dev": true,
      "bin": {
        "tsc": "bin/tsc",
        "tsserver": "bin/tsserver"
      },
      "engines": {
        "node": ">=4.2.0"
      }
    }
  },
  "dependencies": {
    "@formkit/core": {
      "version": "1.0.0-beta.5",
      "resolved": "https://registry.npmjs.org/@formkit/core/-/core-1.0.0-beta.5.tgz",
      "integrity": "sha512-+Tkhss5CJaqw5B3dNENFiXfIi2tlZkjYTE7DuLdCB9nMjwBBLfOw6hTvWCvxh7+YRg+ZBDBPAX/ibj854r3peQ==",
      "requires": {
        "@formkit/utils": "1.0.0-beta.5"
      }
    },
    "@formkit/inputs": {
      "version": "1.0.0-beta.5",
      "resolved": "https://registry.npmjs.org/@formkit/inputs/-/inputs-1.0.0-beta.5.tgz",
      "integrity": "sha512-EKbaQegCgqFRUYCo0VgqowDM7Fc+x2Ay6QGQAMzYawEIhtJxRi6WcAGGH4/Mf+EYxpIfelkc0aLBRnAYOL5fCA==",
      "requires": {
        "@formkit/core": "1.0.0-beta.5"
      }
    },
    "@formkit/utils": {
      "version": "1.0.0-beta.5",
      "resolved": "https://registry.npmjs.org/@formkit/utils/-/utils-1.0.0-beta.5.tgz",
      "integrity": "sha512-w+hx5wO59yFaarLLaN7RtzcnRzBC/6k8fnVGEnNm6QT6n5LhQpQymywRENca7pYP3/b+yXXXDD0/2GlSU0Vdaw=="
    },
    "nanoid": {
      "version": "3.3.1",
      "resolved": "https://registry.npmjs.org/nanoid/-/nanoid-3.3.1.tgz",
      "integrity": "sha512-n6Vs/3KGyxPQd6uO0eH4Bv0ojGSUvuLlIHtC3Y0kEO23YRge8H9x1GCzLn28YX0H66pMkxuaeESFq4tKISKwdw=="
    },
    "typescript": {
      "version": "4.6.2",
      "resolved": "https://registry.npmjs.org/typescript/-/typescript-4.6.2.tgz",
      "integrity": "sha512-HM/hFigTBHZhLXshn9sN37H085+hQGeJHJ/X7LpBWLID/fbc2acUMfU+lGD98X81sKP+pFa9f0DZmCwB9GnbAg==",
      "dev": true
    }
  }
}
